
Microsoft Visual Studio Solution File, Format Version 12.00
# Visual Studio Version 16
VisualStudioVersion = 16.0.29728.190
MinimumVisualStudioVersion = 10.0.40219.1
Project("{FAE04EC0-301F-11D3-BF4B-00C04F79EFBC}") = "AreneWar", "AreneWar\AreneWar.csproj", "{FE19ACD1-99E2-4022-B08A-7D4983D799BA}"
EndProject
Global
	GlobalSection(SolutionConfigurationPlatforms) = preSolution
		Debug|Any CPU = Debug|Any CPU
		Release|Any CPU = Release|Any CPU
	EndGlobalSection
	GlobalSection(ProjectConfigurationPlatforms) = postSolution
		{FE19ACD1-99E2-4022-B08A-7D4983D799BA}.Debug|Any CPU.ActiveCfg = Debug|Any CPU
		{FE19ACD1-99E2-4022-B08A-7D4983D799BA}.Debug|Any CPU.Build.0 = Debug|Any CPU
		{FE19ACD1-99E2-4022-B08A-7D4983D799BA}.Release|Any CPU.ActiveCfg = Release|Any CPU
		{FE19ACD1-99E2-4022-B08A-7D4983D799BA}.Release|Any CPU.Build.0 = Release|Any CPU
	EndGlobalSection
	GlobalSection(SolutionProperties) = preSolution
		HideSolutionNode = FALSE
	EndGlobalSection
	GlobalSection(ExtensibilityGlobals) = postSolution
		SolutionGuid = {A0A1B35D-0C71-42BE-BCDA-EFA88828A902}
	EndGlobalSection
EndGlobal
